id: E3TRadio_acumulador_truncado_ff
label: accum
category: E3TRadio

parameters:
-   id: N
    label: Nstop
    dtype: float

inputs:
-   domain: stream
    dtype: float

outputs:
-   domain: stream
    dtype: float

templates:
    imports: import E3TRadio
    make: E3TRadio.acumulador_truncado_ff(${N})

file_format: 1
