
id: E3TRadio_power_meter
label: power_meter_cf
category: '[E3TRadio]'

parameters:
-   id: reset
    label: reset
    dtype: int

inputs:
-   domain: stream
    dtype: complex

outputs:
-   domain: stream
    dtype: float

templates:
    imports: import E3TRadio
    make: E3TRadio.power_meter(${reset})
    callbacks:
    - set_reset(${reset})

file_format: 1
