
id: E3TRadio_decisor_ff
label: decisor_ff
category: E3TRadio

parameters:
-   id: Umbral
    label: El Umbral
    dtype: float

inputs:
-   domain: stream
    dtype: float

outputs:
-   domain: stream
    dtype: float

templates:
    imports: import E3TRadio
    make: E3TRadio.decisor_ff(${Umbral})

file_format: 1
