
id: E3TRadio_decisor_fb
label: decisor_fb
category: E3TRadio

parameters:
-   id: Umbral
    label: El Umbral
    dtype: float

inputs:
-   domain: stream
    dtype: float

outputs:
-   domain: stream
    dtype: byte

templates:
    imports: import E3TRadio
    make: E3TRadio.decisor_fb(${Umbral})

file_format: 1
